
Microsoft Visual Studio Solution File, Format Version 12.00
# Visual Studio Version 17
VisualStudioVersion = 17.9.34728.123
MinimumVisualStudioVersion = 10.0.40219.1
Project("{FAE04EC0-301F-11D3-BF4B-00C04F79EFBC}") = "DoseProfiles", "DoseProfiles.csproj", "{60A4B08D-02C4-42F1-B889-1D4DE78C0497}"
EndProject
Global
	GlobalSection(SolutionConfigurationPlatforms) = preSolution
		Debug|x64 = Debug|x64
		Release|x64 = Release|x64
	EndGlobalSection
	GlobalSection(ProjectConfigurationPlatforms) = postSolution
		{60A4B08D-02C4-42F1-B889-1D4DE78C0497}.Debug|x64.ActiveCfg = Debug|x64
		{60A4B08D-02C4-42F1-B889-1D4DE78C0497}.Debug|x64.Build.0 = Debug|x64
		{60A4B08D-02C4-42F1-B889-1D4DE78C0497}.Release|x64.ActiveCfg = Release|x64
		{60A4B08D-02C4-42F1-B889-1D4DE78C0497}.Release|x64.Build.0 = Release|x64
	EndGlobalSection
	GlobalSection(SolutionProperties) = preSolution
		HideSolutionNode = FALSE
	EndGlobalSection
	GlobalSection(ExtensibilityGlobals) = postSolution
		SolutionGuid = {C78DB947-F977-4DBB-A95C-7E7934A06D6A}
	EndGlobalSection
EndGlobal
